
Microsoft Visual Studio Solution File, Format Version 12.00
# Visual Studio 2012
Project("{FAE04EC0-301F-11D3-BF4B-00C04F79EFBC}") = "ClubCommunityGUI", "ClubCommunityGUI\ClubCommunityGUI.csproj", "{2D4CC20D-10CC-42F5-B791-9B5E0890B255}"
EndProject
Global
	GlobalSection(SolutionConfigurationPlatforms) = preSolution
		Debug|Any CPU = Debug|Any CPU
		Release|Any CPU = Release|Any CPU
	EndGlobalSection
	GlobalSection(ProjectConfigurationPlatforms) = postSolution
		{2D4CC20D-10CC-42F5-B791-9B5E0890B255}.Debug|Any CPU.ActiveCfg = Debug|Any CPU
		{2D4CC20D-10CC-42F5-B791-9B5E0890B255}.Debug|Any CPU.Build.0 = Debug|Any CPU
		{2D4CC20D-10CC-42F5-B791-9B5E0890B255}.Release|Any CPU.ActiveCfg = Release|Any CPU
		{2D4CC20D-10CC-42F5-B791-9B5E0890B255}.Release|Any CPU.Build.0 = Release|Any CPU
	EndGlobalSection
	GlobalSection(SolutionProperties) = preSolution
		HideSolutionNode = FALSE
	EndGlobalSection
	GlobalSection(ExtensibilityGlobals) = postSolution
		SolutionGuid = {45A57633-7175-49A9-B292-F863C2E58F86}
	EndGlobalSection
	GlobalSection(Performance) = preSolution
		HasPerformanceSessions = true
	EndGlobalSection
EndGlobal
